
Microsoft Visual Studio Solution File, Format Version 12.00
# Visual Studio Version 17
VisualStudioVersion = 17.11.35222.181
MinimumVisualStudioVersion = 10.0.40219.1
Project("{FAE04EC0-301F-11D3-BF4B-00C04F79EFBC}") = "brod", "brod.csproj", "{DBDD8E6C-C2E4-4321-93F2-03C8894BEA37}"
EndProject
Global
	GlobalSection(SolutionConfigurationPlatforms) = preSolution
		Debug|Any CPU = Debug|Any CPU
		Release|Any CPU = Release|Any CPU
	EndGlobalSection
	GlobalSection(ProjectConfigurationPlatforms) = postSolution
		{DBDD8E6C-C2E4-4321-93F2-03C8894BEA37}.Debug|Any CPU.ActiveCfg = Debug|Any CPU
		{DBDD8E6C-C2E4-4321-93F2-03C8894BEA37}.Debug|Any CPU.Build.0 = Debug|Any CPU
		{DBDD8E6C-C2E4-4321-93F2-03C8894BEA37}.Release|Any CPU.ActiveCfg = Release|Any CPU
		{DBDD8E6C-C2E4-4321-93F2-03C8894BEA37}.Release|Any CPU.Build.0 = Release|Any CPU
	EndGlobalSection
	GlobalSection(SolutionProperties) = preSolution
		HideSolutionNode = FALSE
	EndGlobalSection
	GlobalSection(ExtensibilityGlobals) = postSolution
		SolutionGuid = {F4C28947-249B-4A66-875B-C68FFC3EEE0A}
	EndGlobalSection
EndGlobal
